
Microsoft Visual Studio Solution File, Format Version 12.00
# Visual Studio Version 17
VisualStudioVersion = 17.14.37710.0
MinimumVisualStudioVersion = 10.0.40219.1
Project("{FAE04EC0-301F-11D3-BF4B-00C04F79EFBC}") = "CampusGear.IntegrationTests", "CampusGear.IntegrationTests\CampusGear.IntegrationTests.csproj", "{64FCB2DB-3414-4C66-B65D-157DDBF98D24}"
EndProject
Project("{FAE04EC0-301F-11D3-BF4B-00C04F79EFBC}") = "CampusGear.Resources", "CampusGear.Resources\CampusGear.Resources.csproj", "{13554E56-CC70-4627-A7E5-2D579D6C8265}"
EndProject
Project("{FAE04EC0-301F-11D3-BF4B-00C04F79EFBC}") = "CampusGear.Data", "CampusGear.Data\CampusGear.Data.csproj", "{C548B1F8-F362-4940-A08B-A0F81EDB00BF}"
EndProject
Project("{FAE04EC0-301F-11D3-BF4B-00C04F79EFBC}") = "CampusGear.Services", "CampusGear.Services\CampusGear.Services.csproj", "{8FB91DC8-8979-4791-8C60-5712E245814D}"
EndProject
Project("{FAE04EC0-301F-11D3-BF4B-00C04F79EFBC}") = "CampusGear.WebApp", "CampusGear.WebApp\CampusGear.WebApp.csproj", "{4DAF89EC-B985-4B14-9D10-A5EAB7926828}"
EndProject
Global
	GlobalSection(SolutionConfigurationPlatforms) = preSolution
		Debug|Any CPU = Debug|Any CPU
		Debug|x64 = Debug|x64
		Debug|x86 = Debug|x86
		Release|Any CPU = Release|Any CPU
		Release|x64 = Release|x64
		Release|x86 = Release|x86
	EndGlobalSection
	GlobalSection(ProjectConfigurationPlatforms) = postSolution
		{64FCB2DB-3414-4C66-B65D-157DDBF98D24}.Debug|Any CPU.ActiveCfg = Debug|Any CPU
		{64FCB2DB-3414-4C66-B65D-157DDBF98D24}.Debug|Any CPU.Build.0 = Debug|Any CPU
		{64FCB2DB-3414-4C66-B65D-157DDBF98D24}.Debug|x64.ActiveCfg = Debug|Any CPU
		{64FCB2DB-3414-4C66-B65D-157DDBF98D24}.Debug|x64.Build.0 = Debug|Any CPU
		{64FCB2DB-3414-4C66-B65D-157DDBF98D24}.Debug|x86.ActiveCfg = Debug|Any CPU
		{64FCB2DB-3414-4C66-B65D-157DDBF98D24}.Debug|x86.Build.0 = Debug|Any CPU
		{64FCB2DB-3414-4C66-B65D-157DDBF98D24}.Release|Any CPU.ActiveCfg = Release|Any CPU
		{64FCB2DB-3414-4C66-B65D-157DDBF98D24}.Release|Any CPU.Build.0 = Release|Any CPU
		{64FCB2DB-3414-4C66-B65D-157DDBF98D24}.Release|x64.ActiveCfg = Release|Any CPU
		{64FCB2DB-3414-4C66-B65D-157DDBF98D24}.Release|x64.Build.0 = Release|Any CPU
		{64FCB2DB-3414-4C66-B65D-157DDBF98D24}.Release|x86.ActiveCfg = Release|Any CPU
		{64FCB2DB-3414-4C66-B65D-157DDBF98D24}.Release|x86.Build.0 = Release|Any CPU
		{13554E56-CC70-4627-A7E5-2D579D6C8265}.Debug|Any CPU.ActiveCfg = Debug|Any CPU
		{13554E56-CC70-4627-A7E5-2D579D6C8265}.Debug|Any CPU.Build.0 = Debug|Any CPU
		{13554E56-CC70-4627-A7E5-2D579D6C8265}.Debug|x64.ActiveCfg = Debug|Any CPU
		{13554E56-CC70-4627-A7E5-2D579D6C8265}.Debug|x64.Build.0 = Debug|Any CPU
		{13554E56-CC70-4627-A7E5-2D579D6C8265}.Debug|x86.ActiveCfg = Debug|Any CPU
		{13554E56-CC70-4627-A7E5-2D579D6C8265}.Debug|x86.Build.0 = Debug|Any CPU
		{13554E56-CC70-4627-A7E5-2D579D6C8265}.Release|Any CPU.ActiveCfg = Release|Any CPU
		{13554E56-CC70-4627-A7E5-2D579D6C8265}.Release|Any CPU.Build.0 = Release|Any CPU
		{13554E56-CC70-4627-A7E5-2D579D6C8265}.Release|x64.ActiveCfg = Release|Any CPU
		{13554E56-CC70-4627-A7E5-2D579D6C8265}.Release|x64.Build.0 = Release|Any CPU
		{13554E56-CC70-4627-A7E5-2D579D6C8265}.Release|x86.ActiveCfg = Release|Any CPU
		{13554E56-CC70-4627-A7E5-2D579D6C8265}.Release|x86.Build.0 = Release|Any CPU
		{C548B1F8-F362-4940-A08B-A0F81EDB00BF}.Debug|Any CPU.ActiveCfg = Debug|Any CPU
		{C548B1F8-F362-4940-A08B-A0F81EDB00BF}.Debug|Any CPU.Build.0 = Debug|Any CPU
		{C548B1F8-F362-4940-A08B-A0F81EDB00BF}.Debug|x64.ActiveCfg = Debug|Any CPU
		{C548B1F8-F362-4940-A08B-A0F81EDB00BF}.Debug|x64.Build.0 = Debug|Any CPU
		{C548B1F8-F362-4940-A08B-A0F81EDB00BF}.Debug|x86.ActiveCfg = Debug|Any CPU
		{C548B1F8-F362-4940-A08B-A0F81EDB00BF}.Debug|x86.Build.0 = Debug|Any CPU
		{C548B1F8-F362-4940-A08B-A0F81EDB00BF}.Release|Any CPU.ActiveCfg = Release|Any CPU
		{C548B1F8-F362-4940-A08B-A0F81EDB00BF}.Release|Any CPU.Build.0 = Release|Any CPU
		{C548B1F8-F362-4940-A08B-A0F81EDB00BF}.Release|x64.ActiveCfg = Release|Any CPU
		{C548B1F8-F362-4940-A08B-A0F81EDB00BF}.Release|x64.Build.0 = Release|Any CPU
		{C548B1F8-F362-4940-A08B-A0F81EDB00BF}.Release|x86.ActiveCfg = Release|Any CPU
		{C548B1F8-F362-4940-A08B-A0F81EDB00BF}.Release|x86.Build.0 = Release|Any CPU
		{8FB91DC8-8979-4791-8C60-5712E245814D}.Debug|Any CPU.ActiveCfg = Debug|Any CPU
		{8FB91DC8-8979-4791-8C60-5712E245814D}.Debug|Any CPU.Build.0 = Debug|Any CPU
		{8FB91DC8-8979-4791-8C60-5712E245814D}.Debug|x64.ActiveCfg = Debug|Any CPU
		{8FB91DC8-8979-4791-8C60-5712E245814D}.Debug|x64.Build.0 = Debug|Any CPU
		{8FB91DC8-8979-4791-8C60-5712E245814D}.Debug|x86.ActiveCfg = Debug|Any CPU
		{8FB91DC8-8979-4791-8C60-5712E245814D}.Debug|x86.Build.0 = Debug|Any CPU
		{8FB91DC8-8979-4791-8C60-5712E245814D}.Release|Any CPU.ActiveCfg = Release|Any CPU
		{8FB91DC8-8979-4791-8C60-5712E245814D}.Release|Any CPU.Build.0 = Release|Any CPU
		{8FB91DC8-8979-4791-8C60-5712E245814D}.Release|x64.ActiveCfg = Release|Any CPU
		{8FB91DC8-8979-4791-8C60-5712E245814D}.Release|x64.Build.0 = Release|Any CPU
		{8FB91DC8-8979-4791-8C60-5712E245814D}.Release|x86.ActiveCfg = Release|Any CPU
		{8FB91DC8-8979-4791-8C60-5712E245814D}.Release|x86.Build.0 = Release|Any CPU
		{4DAF89EC-B985-4B14-9D10-A5EAB7926828}.Debug|Any CPU.ActiveCfg = Debug|Any CPU
		{4DAF89EC-B985-4B14-9D10-A5EAB7926828}.Debug|Any CPU.Build.0 = Debug|Any CPU
		{4DAF89EC-B985-4B14-9D10-A5EAB7926828}.Debug|x64.ActiveCfg = Debug|Any CPU
		{4DAF89EC-B985-4B14-9D10-A5EAB7926828}.Debug|x64.Build.0 = Debug|Any CPU
		{4DAF89EC-B985-4B14-9D10-A5EAB7926828}.Debug|x86.ActiveCfg = Debug|Any CPU
		{4DAF89EC-B985-4B14-9D10-A5EAB7926828}.Debug|x86.Build.0 = Debug|Any CPU
		{4DAF89EC-B985-4B14-9D10-A5EAB7926828}.Release|Any CPU.ActiveCfg = Release|Any CPU
		{4DAF89EC-B985-4B14-9D10-A5EAB7926828}.Release|Any CPU.Build.0 = Release|Any CPU
		{4DAF89EC-B985-4B14-9D10-A5EAB7926828}.Release|x64.ActiveCfg = Release|Any CPU
		{4DAF89EC-B985-4B14-9D10-A5EAB7926828}.Release|x64.Build.0 = Release|Any CPU
		{4DAF89EC-B985-4B14-9D10-A5EAB7926828}.Release|x86.ActiveCfg = Release|Any CPU
		{4DAF89EC-B985-4B14-9D10-A5EAB7926828}.Release|x86.Build.0 = Release|Any CPU
	EndGlobalSection
	GlobalSection(SolutionProperties) = preSolution
		HideSolutionNode = FALSE
	EndGlobalSection
	GlobalSection(ExtensibilityGlobals) = postSolution
		SolutionGuid = {E0DA79FC-853E-4C8B-B93A-555D4396304F}
	EndGlobalSection
EndGlobal
